
Microsoft Visual Studio Solution File, Format Version 12.00
# Visual Studio Version 16
VisualStudioVersion = 16.0.28922.388
MinimumVisualStudioVersion = 10.0.40219.1
Project("{FAE04EC0-301F-11D3-BF4B-00C04F79EFBC}") = "Sms.ApiClient", "Sms.ApiClient\Sms.ApiClient.csproj", "{E57870D6-B865-4152-ABD0-35EC3D35CA95}"
EndProject
Project("{FAE04EC0-301F-11D3-BF4B-00C04F79EFBC}") = "Sms.ApiClient.Examples", "Sms.ApiClient.Examples\Sms.ApiClient.Examples.csproj", "{3EEB835B-41A1-48BB-8CC4-160E5FCF740A}"
EndProject
Project("{FAE04EC0-301F-11D3-BF4B-00C04F79EFBC}") = "Sms.ApiClient.Test", "Sms.ApiClient.Test\Sms.ApiClient.Test.csproj", "{524EFC65-EAC9-4B57-9715-8B561D2EDADD}"
EndProject
Global
	GlobalSection(SolutionConfigurationPlatforms) = preSolution
		Debug|Any CPU = Debug|Any CPU
		Release|Any CPU = Release|Any CPU
	EndGlobalSection
	GlobalSection(ProjectConfigurationPlatforms) = postSolution
		{E57870D6-B865-4152-ABD0-35EC3D35CA95}.Debug|Any CPU.ActiveCfg = Debug|Any CPU
		{E57870D6-B865-4152-ABD0-35EC3D35CA95}.Debug|Any CPU.Build.0 = Debug|Any CPU
		{E57870D6-B865-4152-ABD0-35EC3D35CA95}.Release|Any CPU.ActiveCfg = Release|Any CPU
		{E57870D6-B865-4152-ABD0-35EC3D35CA95}.Release|Any CPU.Build.0 = Release|Any CPU
		{3EEB835B-41A1-48BB-8CC4-160E5FCF740A}.Debug|Any CPU.ActiveCfg = Debug|Any CPU
		{3EEB835B-41A1-48BB-8CC4-160E5FCF740A}.Debug|Any CPU.Build.0 = Debug|Any CPU
		{3EEB835B-41A1-48BB-8CC4-160E5FCF740A}.Release|Any CPU.ActiveCfg = Release|Any CPU
		{3EEB835B-41A1-48BB-8CC4-160E5FCF740A}.Release|Any CPU.Build.0 = Release|Any CPU
		{524EFC65-EAC9-4B57-9715-8B561D2EDADD}.Debug|Any CPU.ActiveCfg = Debug|Any CPU
		{524EFC65-EAC9-4B57-9715-8B561D2EDADD}.Debug|Any CPU.Build.0 = Debug|Any CPU
		{524EFC65-EAC9-4B57-9715-8B561D2EDADD}.Release|Any CPU.ActiveCfg = Release|Any CPU
		{524EFC65-EAC9-4B57-9715-8B561D2EDADD}.Release|Any CPU.Build.0 = Release|Any CPU
	EndGlobalSection
	GlobalSection(SolutionProperties) = preSolution
		HideSolutionNode = FALSE
	EndGlobalSection
	GlobalSection(ExtensibilityGlobals) = postSolution
		SolutionGuid = {D7594D97-5767-4467-A8EB-ED68C54EB6B0}
	EndGlobalSection
EndGlobal
